{
  "lockfileVersion": 1,
  "configVersion": 1,
  "workspaces": {
    "": {
      "name": "@rona/nix-codex",
      "dependencies": {
        "@openai/codex": "0.137.0",
      },
      "devDependencies": {
        "@types/bun": "^1.3.10",
        "bun2nix": "2.0.8",
      },
    },
  },
  "packages": {
    "@openai/codex": ["@openai/codex@0.137.0", "", { "optionalDependencies": { "@openai/codex-darwin-arm64": "npm:@openai/codex@0.137.0-darwin-arm64", "@openai/codex-darwin-x64": "npm:@openai/codex@0.137.0-darwin-x64", "@openai/codex-linux-arm64": "npm:@openai/codex@0.137.0-linux-arm64", "@openai/codex-linux-x64": "npm:@openai/codex@0.137.0-linux-x64", "@openai/codex-win32-arm64": "npm:@openai/codex@0.137.0-win32-arm64", "@openai/codex-win32-x64": "npm:@openai/codex@0.137.0-win32-x64" }, "bin": { "codex": "bin/codex.js" } }, "sha512-1jUsCnzDBwv7Z4VFZajIlsz41fC18qg6d5qK4PEZhiUk0zJHS90/uGBA70aQPUJLTUZShvyKVAANjw6J/D9eYQ=="],

    "@openai/codex-darwin-arm64": ["@openai/codex@0.137.0-darwin-arm64", "", { "os": "darwin", "cpu": "arm64" }, "sha512-YjKmre7DlKslQVhSfocHscgxntZKaZc1LQySKh7q+hNL8jdK+c8nSWSePi583yKFNIxZ8Z/zCkewtjFNvOpQiQ=="],

    "@openai/codex-darwin-x64": ["@openai/codex@0.137.0-darwin-x64", "", { "os": "darwin", "cpu": "x64" }, "sha512-zjzrFV80LZby9et44dan82e3cwUd46U7u1LSVXTIz5AUcY4y1KZpAeN6cSLVKMZuOHXTDpi15MUQdRwzdeqIOg=="],

    "@openai/codex-linux-arm64": ["@openai/codex@0.137.0-linux-arm64", "", { "os": "linux", "cpu": "arm64" }, "sha512-R3ZZymQQA1qpp6OpowN49XJ4scHwSckq7CjVvgmLv3bIs3X+F0XXK3xPFkC9vs2mX3wPekPi3ONpxx+yPAsJ6Q=="],

    "@openai/codex-linux-x64": ["@openai/codex@0.137.0-linux-x64", "", { "os": "linux", "cpu": "x64" }, "sha512-n+26MUj8rekbEDUeYTGoD6HXuGS0MmLHn2LOn0i5qTNYIJvXV82B7cCLSTzVKF/RJxRMRl22se9Q0Z035JIVng=="],

    "@openai/codex-win32-arm64": ["@openai/codex@0.137.0-win32-arm64", "", { "os": "win32", "cpu": "arm64" }, "sha512-Cofktt213TycdQ/v+nAUuwXUBzjMWfA/ZkXyqefyXxDgw0TMtaiM3cgDna3I8YdXnR0PM9AMbx4t7VloJ3ZZYQ=="],

    "@openai/codex-win32-x64": ["@openai/codex@0.137.0-win32-x64", "", { "os": "win32", "cpu": "x64" }, "sha512-g9qZ9ERrm5OWXMWJOgojYv1kOc5jajTKq37PBMSe56aJfAr9Jk/qBvIOy7LKq3rABdXuz8k+W65PIt2E1hXilw=="],

    "@types/bun": ["@types/bun@1.3.10", "", { "dependencies": { "bun-types": "1.3.10" } }, "sha512-0+rlrUrOrTSskibryHbvQkDOWRJwJZqZlxrUs1u4oOoTln8+WIXBPmAuCF35SWB2z4Zl3E84Nl/D0P7803nigQ=="],

    "@types/node": ["@types/node@25.5.0", "", { "dependencies": { "undici-types": "~7.18.0" } }, "sha512-jp2P3tQMSxWugkCUKLRPVUpGaL5MVFwF8RDuSRztfwgN1wmqJeMSbKlnEtQqU8UrhTmzEmZdu2I6v2dpp7XIxw=="],

    "bun-types": ["bun-types@1.3.10", "", { "dependencies": { "@types/node": "*" } }, "sha512-tcpfCCl6XWo6nCVnpcVrxQ+9AYN1iqMIzgrSKYMB/fjLtV2eyAVEg7AxQJuCq/26R6HpKWykQXuSOq/21RYcbg=="],

    "bun2nix": ["bun2nix@2.0.8", "", { "dependencies": { "sade": "^1.8.1" }, "bin": { "bun2nix": "index.ts" } }, "sha512-pwq35hA81X1Kjsi5Xo69Aii9aY3zZHhWXwqF1QRz/uB35KzKbwJZ16WrhadiG9/T6bjOsRrPZtzuAyqmlXopLw=="],

    "mri": ["mri@1.2.0", "", {}, "sha512-tzzskb3bG8LvYGFF/mDTpq3jpI6Q9wc3LEmBaghu+DdCssd1FakN7Bc0hVNmEyGq1bq3RgfkCb3cmQLpNPOroA=="],

    "sade": ["sade@1.8.1", "", { "dependencies": { "mri": "^1.1.0" } }, "sha512-xal3CZX1Xlo/k4ApwCFrHVACi9fBqJ7V+mwhBsuf/1IOKbBy098Fex+Wa/5QMubw09pSZ/u8EY8PWgevJsXp1A=="],

    "undici-types": ["undici-types@7.18.2", "", {}, "sha512-AsuCzffGHJybSaRrmr5eHr81mwJU3kjw6M+uprWvCXiNeN9SOGwQ3Jn8jb8m3Z6izVgknn1R0FTCEAP2QrLY/w=="],
  }
}
