{
  "lockfileVersion": 1,
  "configVersion": 1,
  "workspaces": {
    "": {
      "name": "@rona/nix-codex",
      "dependencies": {
        "@openai/codex": "0.128.0",
      },
      "devDependencies": {
        "@types/bun": "^1.3.10",
        "bun2nix": "2.0.8",
      },
    },
  },
  "packages": {
    "@openai/codex": ["@openai/codex@0.128.0", "", { "optionalDependencies": { "@openai/codex-darwin-arm64": "npm:@openai/codex@0.128.0-darwin-arm64", "@openai/codex-darwin-x64": "npm:@openai/codex@0.128.0-darwin-x64", "@openai/codex-linux-arm64": "npm:@openai/codex@0.128.0-linux-arm64", "@openai/codex-linux-x64": "npm:@openai/codex@0.128.0-linux-x64", "@openai/codex-win32-arm64": "npm:@openai/codex@0.128.0-win32-arm64", "@openai/codex-win32-x64": "npm:@openai/codex@0.128.0-win32-x64" }, "bin": { "codex": "bin/codex.js" } }, "sha512-+xp6ODmFfBNnexIWRHApEaPXot2j6gyM8A5we/5IS/uY4eYHj4arETct4hQ5M4eO+MK7JY3ZU4xhuobhlysr0A=="],

    "@openai/codex-darwin-arm64": ["@openai/codex@0.128.0-darwin-arm64", "", { "os": "darwin", "cpu": "arm64" }, "sha512-w+6zohfHx/kHBdles/CyFKaY57u9I3nK8QI9+NrdwMliKA0b7xn13yblRNkMpe09j6vL1oAWoxYsMOQ/vjBGug=="],

    "@openai/codex-darwin-x64": ["@openai/codex@0.128.0-darwin-x64", "", { "os": "darwin", "cpu": "x64" }, "sha512-SDbn6fO22Puy8xmMIbZi4f2znMrUEPwABApke4mo+4ihaauwuVjeqzXvW5SPJz5ty/bG11/mSupQgReT7T8BBw=="],

    "@openai/codex-linux-arm64": ["@openai/codex@0.128.0-linux-arm64", "", { "os": "linux", "cpu": "arm64" }, "sha512-+SvH73H60qvCXFuQGP/EsmR//s1hHMBR22PvJkXvM/hdnTIGucx+JqRUjAWdmmQ1IU6j3kgwVvdLW/6ICB+M6w=="],

    "@openai/codex-linux-x64": ["@openai/codex@0.128.0-linux-x64", "", { "os": "linux", "cpu": "x64" }, "sha512-2lnSPA05CRRuKAzFW8BCmmNCSieDcToLwfC2ALLbBYilGLgzhRibjlDglK9F1BkEzfohSSWJu4PBbRu/aG60lQ=="],

    "@openai/codex-win32-arm64": ["@openai/codex@0.128.0-win32-arm64", "", { "os": "win32", "cpu": "arm64" }, "sha512-ECJvsqmYFdA9pn42xxK3Odp/G16AjmBW0BglX8L0PwPjqbstbmlew9bfHf7xvL+SNfNl4NmyotW0+RNo1phgaA=="],

    "@openai/codex-win32-x64": ["@openai/codex@0.128.0-win32-x64", "", { "os": "win32", "cpu": "x64" }, "sha512-k3jmUAFrzkUtvjGTXvSKjQqJLLlzjxp/VoHJDYedgmXUn6j70HxK38IwapzmnYfiBiTuzETvGwjXHzZgzKjhoQ=="],

    "@types/bun": ["@types/bun@1.3.10", "", { "dependencies": { "bun-types": "1.3.10" } }, "sha512-0+rlrUrOrTSskibryHbvQkDOWRJwJZqZlxrUs1u4oOoTln8+WIXBPmAuCF35SWB2z4Zl3E84Nl/D0P7803nigQ=="],

    "@types/node": ["@types/node@25.5.0", "", { "dependencies": { "undici-types": "~7.18.0" } }, "sha512-jp2P3tQMSxWugkCUKLRPVUpGaL5MVFwF8RDuSRztfwgN1wmqJeMSbKlnEtQqU8UrhTmzEmZdu2I6v2dpp7XIxw=="],

    "bun-types": ["bun-types@1.3.10", "", { "dependencies": { "@types/node": "*" } }, "sha512-tcpfCCl6XWo6nCVnpcVrxQ+9AYN1iqMIzgrSKYMB/fjLtV2eyAVEg7AxQJuCq/26R6HpKWykQXuSOq/21RYcbg=="],

    "bun2nix": ["bun2nix@2.0.8", "", { "dependencies": { "sade": "^1.8.1" }, "bin": { "bun2nix": "index.ts" } }, "sha512-pwq35hA81X1Kjsi5Xo69Aii9aY3zZHhWXwqF1QRz/uB35KzKbwJZ16WrhadiG9/T6bjOsRrPZtzuAyqmlXopLw=="],

    "mri": ["mri@1.2.0", "", {}, "sha512-tzzskb3bG8LvYGFF/mDTpq3jpI6Q9wc3LEmBaghu+DdCssd1FakN7Bc0hVNmEyGq1bq3RgfkCb3cmQLpNPOroA=="],

    "sade": ["sade@1.8.1", "", { "dependencies": { "mri": "^1.1.0" } }, "sha512-xal3CZX1Xlo/k4ApwCFrHVACi9fBqJ7V+mwhBsuf/1IOKbBy098Fex+Wa/5QMubw09pSZ/u8EY8PWgevJsXp1A=="],

    "undici-types": ["undici-types@7.18.2", "", {}, "sha512-AsuCzffGHJybSaRrmr5eHr81mwJU3kjw6M+uprWvCXiNeN9SOGwQ3Jn8jb8m3Z6izVgknn1R0FTCEAP2QrLY/w=="],
  }
}
